
Microsoft Visual Studio Solution File, Format Version 12.00
# Visual Studio Version 17
VisualStudioVersion = 17.8.34330.188
MinimumVisualStudioVersion = 10.0.40219.1
Project("{FAE04EC0-301F-11D3-BF4B-00C04F79EFBC}") = "BusinessIntelligenceSolution", "BusinessIntelligenceSolution.csproj", "{F980EDB5-B6CA-4D8B-9F24-5FF58EBCE47F}"
EndProject
Global
	GlobalSection(SolutionConfigurationPlatforms) = preSolution
		Debug|Any CPU = Debug|Any CPU
		Release|Any CPU = Release|Any CPU
	EndGlobalSection
	GlobalSection(ProjectConfigurationPlatforms) = postSolution
		{F980EDB5-B6CA-4D8B-9F24-5FF58EBCE47F}.Debug|Any CPU.ActiveCfg = Debug|Any CPU
		{F980EDB5-B6CA-4D8B-9F24-5FF58EBCE47F}.Debug|Any CPU.Build.0 = Debug|Any CPU
		{F980EDB5-B6CA-4D8B-9F24-5FF58EBCE47F}.Release|Any CPU.ActiveCfg = Release|Any CPU
		{F980EDB5-B6CA-4D8B-9F24-5FF58EBCE47F}.Release|Any CPU.Build.0 = Release|Any CPU
	EndGlobalSection
	GlobalSection(SolutionProperties) = preSolution
		HideSolutionNode = FALSE
	EndGlobalSection
	GlobalSection(ExtensibilityGlobals) = postSolution
		SolutionGuid = {F502BE96-0817-4DE4-B7A8-AC31FC2F6042}
	EndGlobalSection
EndGlobal
